
Microsoft Visual Studio Solution File, Format Version 12.00
# Visual Studio 15
VisualStudioVersion = 15.0.28307.421
MinimumVisualStudioVersion = 10.0.40219.1
Project("{FAE04EC0-301F-11D3-BF4B-00C04F79EFBC}") = "ILBCStudio", "ILBCStudio\ILBCStudio.csproj", "{9D38FE93-CD54-492B-A4A6-9C00099D79D1}"
EndProject
Project("{FAE04EC0-301F-11D3-BF4B-00C04F79EFBC}") = "CefGlue", "CefGlue\CefGlue.csproj", "{703FF300-34B9-48D4-A5D6-E741F48D5F95}"
EndProject
Project("{FAE04EC0-301F-11D3-BF4B-00C04F79EFBC}") = "CefGlue.WindowsForms", "CefGlue.WindowsForms\CefGlue.WindowsForms.csproj", "{679AF14D-8FF5-4608-BFF8-EC1A7DED04A4}"
EndProject
Global
	GlobalSection(SolutionConfigurationPlatforms) = preSolution
		Debug|Any CPU = Debug|Any CPU
		Release|Any CPU = Release|Any CPU
	EndGlobalSection
	GlobalSection(ProjectConfigurationPlatforms) = postSolution
		{9D38FE93-CD54-492B-A4A6-9C00099D79D1}.Debug|Any CPU.ActiveCfg = Debug|Any CPU
		{9D38FE93-CD54-492B-A4A6-9C00099D79D1}.Debug|Any CPU.Build.0 = Debug|Any CPU
		{9D38FE93-CD54-492B-A4A6-9C00099D79D1}.Release|Any CPU.ActiveCfg = Release|Any CPU
		{9D38FE93-CD54-492B-A4A6-9C00099D79D1}.Release|Any CPU.Build.0 = Release|Any CPU
		{703FF300-34B9-48D4-A5D6-E741F48D5F95}.Debug|Any CPU.ActiveCfg = Debug|Any CPU
		{703FF300-34B9-48D4-A5D6-E741F48D5F95}.Debug|Any CPU.Build.0 = Debug|Any CPU
		{703FF300-34B9-48D4-A5D6-E741F48D5F95}.Release|Any CPU.ActiveCfg = Release|Any CPU
		{703FF300-34B9-48D4-A5D6-E741F48D5F95}.Release|Any CPU.Build.0 = Release|Any CPU
		{679AF14D-8FF5-4608-BFF8-EC1A7DED04A4}.Debug|Any CPU.ActiveCfg = Debug|Any CPU
		{679AF14D-8FF5-4608-BFF8-EC1A7DED04A4}.Debug|Any CPU.Build.0 = Debug|Any CPU
		{679AF14D-8FF5-4608-BFF8-EC1A7DED04A4}.Release|Any CPU.ActiveCfg = Release|Any CPU
		{679AF14D-8FF5-4608-BFF8-EC1A7DED04A4}.Release|Any CPU.Build.0 = Release|Any CPU
	EndGlobalSection
	GlobalSection(SolutionProperties) = preSolution
		HideSolutionNode = FALSE
	EndGlobalSection
	GlobalSection(ExtensibilityGlobals) = postSolution
		SolutionGuid = {0B6D6103-CFC0-4D8B-9CC4-965C04189117}
	EndGlobalSection
EndGlobal
